
Microsoft Visual Studio Solution File, Format Version 12.00
# Visual Studio Version 17
VisualStudioVersion = 17.14.36301.6 d17.14
MinimumVisualStudioVersion = 10.0.40219.1
Project("{FAE04EC0-301F-11D3-BF4B-00C04F79EFBC}") = "StorySpoiler", "StorySpoiler\StorySpoiler.csproj", "{02DEB3E8-CE46-4DCF-A06C-C20EB5B537CA}"
EndProject
Global
	GlobalSection(SolutionConfigurationPlatforms) = preSolution
		Debug|Any CPU = Debug|Any CPU
		Release|Any CPU = Release|Any CPU
	EndGlobalSection
	GlobalSection(ProjectConfigurationPlatforms) = postSolution
		{02DEB3E8-CE46-4DCF-A06C-C20EB5B537CA}.Debug|Any CPU.ActiveCfg = Debug|Any CPU
		{02DEB3E8-CE46-4DCF-A06C-C20EB5B537CA}.Debug|Any CPU.Build.0 = Debug|Any CPU
		{02DEB3E8-CE46-4DCF-A06C-C20EB5B537CA}.Release|Any CPU.ActiveCfg = Release|Any CPU
		{02DEB3E8-CE46-4DCF-A06C-C20EB5B537CA}.Release|Any CPU.Build.0 = Release|Any CPU
	EndGlobalSection
	GlobalSection(SolutionProperties) = preSolution
		HideSolutionNode = FALSE
	EndGlobalSection
	GlobalSection(ExtensibilityGlobals) = postSolution
		SolutionGuid = {00B1EF09-D92F-4713-88BF-1D4208FAC96B}
	EndGlobalSection
EndGlobal
